// !$*UTF8*$!
{
	archiveVersion = 1;
	classes = {
	};
	objectVersion = 46;
	objects = {

/* Begin PBXBuildFile section */
		A71C7F9415F61A6F005DF6C9 /* NSMutableArray+CTDataStoreManager.h in Headers */ = {isa = PBXBuildFile; fileRef = A71C7F9215F61A6F005DF6C9 /* NSMutableArray+CTDataStoreManager.h */; };
		A71C7F9515F61A6F005DF6C9 /* NSMutableArray+CTDataStoreManager.m in Sources */ = {isa = PBXBuildFile; fileRef = A71C7F9315F61A6F005DF6C9 /* NSMutableArray+CTDataStoreManager.m */; };
		A7602131166CBC7200E5D0EF /* NSManagedObjectContext+CTDataStoreManager.h in Headers */ = {isa = PBXBuildFile; fileRef = A760212F166CBC7200E5D0EF /* NSManagedObjectContext+CTDataStoreManager.h */; };
		A7602132166CBC7200E5D0EF /* NSManagedObjectContext+CTDataStoreManager.m in Sources */ = {isa = PBXBuildFile; fileRef = A7602130166CBC7200E5D0EF /* NSManagedObjectContext+CTDataStoreManager.m */; settings = {COMPILER_FLAGS = "-fno-objc-arc"; }; };
		A76997B61477A5430088185E /* Foundation.framework in Frameworks */ = {isa = PBXBuildFile; fileRef = A76997B51477A5430088185E /* Foundation.framework */; };
		A76997C41477A5430088185E /* SenTestingKit.framework in Frameworks */ = {isa = PBXBuildFile; fileRef = A76997C31477A5430088185E /* SenTestingKit.framework */; };
		A76997C71477A5430088185E /* Foundation.framework in Frameworks */ = {isa = PBXBuildFile; fileRef = A76997B51477A5430088185E /* Foundation.framework */; };
		A76997CA1477A5430088185E /* libCTDataStoreManager.a in Frameworks */ = {isa = PBXBuildFile; fileRef = A76997B21477A5430088185E /* libCTDataStoreManager.a */; };
		A76997D01477A5430088185E /* InfoPlist.strings in Resources */ = {isa = PBXBuildFile; fileRef = A76997CE1477A5430088185E /* InfoPlist.strings */; };
		A76997DD1477A63E0088185E /* CoreData.framework in Frameworks */ = {isa = PBXBuildFile; fileRef = A76997DC1477A63E0088185E /* CoreData.framework */; };
		A76997DE1477A66C0088185E /* CoreData.framework in Frameworks */ = {isa = PBXBuildFile; fileRef = A76997DC1477A63E0088185E /* CoreData.framework */; };
		A76997E11477A6CD0088185E /* CTDataStoreManager.h in Headers */ = {isa = PBXBuildFile; fileRef = A76997DF1477A6CD0088185E /* CTDataStoreManager.h */; };
		A76997E21477A6CD0088185E /* CTDataStoreManager.m in Sources */ = {isa = PBXBuildFile; fileRef = A76997E01477A6CD0088185E /* CTDataStoreManager.m */; };
		A76997F01477AC8F0088185E /* CTDataStoreManagerSingletonTests.m in Sources */ = {isa = PBXBuildFile; fileRef = A76997EB1477AC8F0088185E /* CTDataStoreManagerSingletonTests.m */; };
		A76997F11477AC8F0088185E /* CTSingletonTestStore1.m in Sources */ = {isa = PBXBuildFile; fileRef = A76997ED1477AC8F0088185E /* CTSingletonTestStore1.m */; };
		A76997F21477AC8F0088185E /* CTSingletonTestStore2.m in Sources */ = {isa = PBXBuildFile; fileRef = A76997EF1477AC8F0088185E /* CTSingletonTestStore2.m */; };
		A78A1DAA1477E1F400B2B0FC /* CTBasicDataStoreManagerTests.m in Sources */ = {isa = PBXBuildFile; fileRef = A78A1DA31477E1F400B2B0FC /* CTBasicDataStoreManagerTests.m */; };
		A78A1DAB1477E1F400B2B0FC /* CTEmptyDataStoreTestManager.m in Sources */ = {isa = PBXBuildFile; fileRef = A78A1DA51477E1F400B2B0FC /* CTEmptyDataStoreTestManager.m */; };
		A78A1DAC1477E1F400B2B0FC /* CTSimpleStoreManager.m in Sources */ = {isa = PBXBuildFile; fileRef = A78A1DA71477E1F400B2B0FC /* CTSimpleStoreManager.m */; };
		A78A1DAD1477E1F400B2B0FC /* SimpleStore.xcdatamodeld in Sources */ = {isa = PBXBuildFile; fileRef = A78A1DA81477E1F400B2B0FC /* SimpleStore.xcdatamodeld */; };
		A78A1DAE1477E20500B2B0FC /* SimpleStore.xcdatamodeld in Resources */ = {isa = PBXBuildFile; fileRef = A78A1DA81477E1F400B2B0FC /* SimpleStore.xcdatamodeld */; };
		A78A1DB21477E48900B2B0FC /* CTMigrationTests.m in Sources */ = {isa = PBXBuildFile; fileRef = A78A1DB11477E48900B2B0FC /* CTMigrationTests.m */; };
		A78A1DB51477E4A900B2B0FC /* CTTestMigrationStoreManager.m in Sources */ = {isa = PBXBuildFile; fileRef = A78A1DB41477E4A900B2B0FC /* CTTestMigrationStoreManager.m */; };
		A78A1DB81477E4DE00B2B0FC /* TestMigrationStore.xcdatamodeld in Sources */ = {isa = PBXBuildFile; fileRef = A78A1DB61477E4DE00B2B0FC /* TestMigrationStore.xcdatamodeld */; };
		A78A1DB91477E4F700B2B0FC /* TestMigrationStore.xcdatamodeld in Resources */ = {isa = PBXBuildFile; fileRef = A78A1DB61477E4DE00B2B0FC /* TestMigrationStore.xcdatamodeld */; };
		A78A1DBC1477E66B00B2B0FC /* TestMigrationStore_version_1.sqlite in Resources */ = {isa = PBXBuildFile; fileRef = A78A1DBB1477E66A00B2B0FC /* TestMigrationStore_version_1.sqlite */; };
		A78A1DBE1477E74600B2B0FC /* TestMigrationStore_1_2.xcmappingmodel in Sources */ = {isa = PBXBuildFile; fileRef = A78A1DBD1477E74600B2B0FC /* TestMigrationStore_1_2.xcmappingmodel */; };
		A78A1DC11477E7C500B2B0FC /* TestMigrationStore_2_3.xcmappingmodel in Sources */ = {isa = PBXBuildFile; fileRef = A78A1DC01477E7C500B2B0FC /* TestMigrationStore_2_3.xcmappingmodel */; };
		A7BF08D31519E50B00E96F25 /* UIKit.framework in Frameworks */ = {isa = PBXBuildFile; fileRef = A7BF08D21519E50B00E96F25 /* UIKit.framework */; };
		A7BF08D51519E51D00E96F25 /* UIKit.framework in Frameworks */ = {isa = PBXBuildFile; fileRef = A7BF08D21519E50B00E96F25 /* UIKit.framework */; };
/* End PBXBuildFile section */

/* Begin PBXContainerItemProxy section */
		A76997C81477A5430088185E /* PBXContainerItemProxy */ = {
			isa = PBXContainerItemProxy;
			containerPortal = A76997A91477A5430088185E /* Project object */;
			proxyType = 1;
			remoteGlobalIDString = A76997B11477A5430088185E;
			remoteInfo = CTDataStoreManager;
		};
/* End PBXContainerItemProxy section */

/* Begin PBXFileReference section */
		A71C7F9215F61A6F005DF6C9 /* NSMutableArray+CTDataStoreManager.h */ = {isa = PBXFileReference; fileEncoding = 4; lastKnownFileType = sourcecode.c.h; path = "NSMutableArray+CTDataStoreManager.h"; sourceTree = "<group>"; };
		A71C7F9315F61A6F005DF6C9 /* NSMutableArray+CTDataStoreManager.m */ = {isa = PBXFileReference; fileEncoding = 4; lastKnownFileType = sourcecode.c.objc; path = "NSMutableArray+CTDataStoreManager.m"; sourceTree = "<group>"; };
		A760212F166CBC7200E5D0EF /* NSManagedObjectContext+CTDataStoreManager.h */ = {isa = PBXFileReference; fileEncoding = 4; lastKnownFileType = sourcecode.c.h; path = "NSManagedObjectContext+CTDataStoreManager.h"; sourceTree = "<group>"; };
		A7602130166CBC7200E5D0EF /* NSManagedObjectContext+CTDataStoreManager.m */ = {isa = PBXFileReference; fileEncoding = 4; lastKnownFileType = sourcecode.c.objc; path = "NSManagedObjectContext+CTDataStoreManager.m"; sourceTree = "<group>"; };
		A76997B21477A5430088185E /* libCTDataStoreManager.a */ = {isa = PBXFileReference; explicitFileType = archive.ar; includeInIndex = 0; path = libCTDataStoreManager.a; sourceTree = BUILT_PRODUCTS_DIR; };
		A76997B51477A5430088185E /* Foundation.framework */ = {isa = PBXFileReference; lastKnownFileType = wrapper.framework; name = Foundation.framework; path = System/Library/Frameworks/Foundation.framework; sourceTree = SDKROOT; };
		A76997B91477A5430088185E /* CTDataStoreManager-Prefix.pch */ = {isa = PBXFileReference; lastKnownFileType = sourcecode.c.h; path = "CTDataStoreManager-Prefix.pch"; sourceTree = "<group>"; };
		A76997C21477A5430088185E /* CTDataStoreManagerTests.octest */ = {isa = PBXFileReference; explicitFileType = wrapper.cfbundle; includeInIndex = 0; path = CTDataStoreManagerTests.octest; sourceTree = BUILT_PRODUCTS_DIR; };
		A76997C31477A5430088185E /* SenTestingKit.framework */ = {isa = PBXFileReference; lastKnownFileType = wrapper.framework; name = SenTestingKit.framework; path = Library/Frameworks/SenTestingKit.framework; sourceTree = DEVELOPER_DIR; };
		A76997CD1477A5430088185E /* CTDataStoreManagerTests-Info.plist */ = {isa = PBXFileReference; lastKnownFileType = text.plist.xml; path = "CTDataStoreManagerTests-Info.plist"; sourceTree = "<group>"; };
		A76997CF1477A5430088185E /* en */ = {isa = PBXFileReference; lastKnownFileType = text.plist.strings; name = en; path = en.lproj/InfoPlist.strings; sourceTree = "<group>"; };
		A76997DC1477A63E0088185E /* CoreData.framework */ = {isa = PBXFileReference; lastKnownFileType = wrapper.framework; name = CoreData.framework; path = System/Library/Frameworks/CoreData.framework; sourceTree = SDKROOT; };
		A76997DF1477A6CD0088185E /* CTDataStoreManager.h */ = {isa = PBXFileReference; fileEncoding = 4; lastKnownFileType = sourcecode.c.h; path = CTDataStoreManager.h; sourceTree = "<group>"; };
		A76997E01477A6CD0088185E /* CTDataStoreManager.m */ = {isa = PBXFileReference; fileEncoding = 4; lastKnownFileType = sourcecode.c.objc; path = CTDataStoreManager.m; sourceTree = "<group>"; };
		A76997EA1477AC8F0088185E /* CTDataStoreManagerSingletonTests.h */ = {isa = PBXFileReference; fileEncoding = 4; lastKnownFileType = sourcecode.c.h; path = CTDataStoreManagerSingletonTests.h; sourceTree = "<group>"; };
		A76997EB1477AC8F0088185E /* CTDataStoreManagerSingletonTests.m */ = {isa = PBXFileReference; fileEncoding = 4; lastKnownFileType = sourcecode.c.objc; path = CTDataStoreManagerSingletonTests.m; sourceTree = "<group>"; };
		A76997EC1477AC8F0088185E /* CTSingletonTestStore1.h */ = {isa = PBXFileReference; fileEncoding = 4; lastKnownFileType = sourcecode.c.h; path = CTSingletonTestStore1.h; sourceTree = "<group>"; };
		A76997ED1477AC8F0088185E /* CTSingletonTestStore1.m */ = {isa = PBXFileReference; fileEncoding = 4; lastKnownFileType = sourcecode.c.objc; path = CTSingletonTestStore1.m; sourceTree = "<group>"; };
		A76997EE1477AC8F0088185E /* CTSingletonTestStore2.h */ = {isa = PBXFileReference; fileEncoding = 4; lastKnownFileType = sourcecode.c.h; path = CTSingletonTestStore2.h; sourceTree = "<group>"; };
		A76997EF1477AC8F0088185E /* CTSingletonTestStore2.m */ = {isa = PBXFileReference; fileEncoding = 4; lastKnownFileType = sourcecode.c.objc; path = CTSingletonTestStore2.m; sourceTree = "<group>"; };
		A78A1DA21477E1F400B2B0FC /* CTBasicDataStoreManagerTests.h */ = {isa = PBXFileReference; fileEncoding = 4; lastKnownFileType = sourcecode.c.h; path = CTBasicDataStoreManagerTests.h; sourceTree = "<group>"; };
		A78A1DA31477E1F400B2B0FC /* CTBasicDataStoreManagerTests.m */ = {isa = PBXFileReference; fileEncoding = 4; lastKnownFileType = sourcecode.c.objc; path = CTBasicDataStoreManagerTests.m; sourceTree = "<group>"; };
		A78A1DA41477E1F400B2B0FC /* CTEmptyDataStoreTestManager.h */ = {isa = PBXFileReference; fileEncoding = 4; lastKnownFileType = sourcecode.c.h; path = CTEmptyDataStoreTestManager.h; sourceTree = "<group>"; };
		A78A1DA51477E1F400B2B0FC /* CTEmptyDataStoreTestManager.m */ = {isa = PBXFileReference; fileEncoding = 4; lastKnownFileType = sourcecode.c.objc; path = CTEmptyDataStoreTestManager.m; sourceTree = "<group>"; };
		A78A1DA61477E1F400B2B0FC /* CTSimpleStoreManager.h */ = {isa = PBXFileReference; fileEncoding = 4; lastKnownFileType = sourcecode.c.h; path = CTSimpleStoreManager.h; sourceTree = "<group>"; };
		A78A1DA71477E1F400B2B0FC /* CTSimpleStoreManager.m */ = {isa = PBXFileReference; fileEncoding = 4; lastKnownFileType = sourcecode.c.objc; path = CTSimpleStoreManager.m; sourceTree = "<group>"; };
		A78A1DA91477E1F400B2B0FC /* SimpleStore.xcdatamodel */ = {isa = PBXFileReference; lastKnownFileType = wrapper.xcdatamodel; path = SimpleStore.xcdatamodel; sourceTree = "<group>"; };
		A78A1DB01477E48900B2B0FC /* CTMigrationTests.h */ = {isa = PBXFileReference; fileEncoding = 4; lastKnownFileType = sourcecode.c.h; path = CTMigrationTests.h; sourceTree = "<group>"; };
		A78A1DB11477E48900B2B0FC /* CTMigrationTests.m */ = {isa = PBXFileReference; fileEncoding = 4; lastKnownFileType = sourcecode.c.objc; path = CTMigrationTests.m; sourceTree = "<group>"; };
		A78A1DB31477E4A900B2B0FC /* CTTestMigrationStoreManager.h */ = {isa = PBXFileReference; fileEncoding = 4; lastKnownFileType = sourcecode.c.h; path = CTTestMigrationStoreManager.h; sourceTree = "<group>"; };
		A78A1DB41477E4A900B2B0FC /* CTTestMigrationStoreManager.m */ = {isa = PBXFileReference; fileEncoding = 4; lastKnownFileType = sourcecode.c.objc; path = CTTestMigrationStoreManager.m; sourceTree = "<group>"; };
		A78A1DB71477E4DE00B2B0FC /* TestMigrationStore.xcdatamodel */ = {isa = PBXFileReference; lastKnownFileType = wrapper.xcdatamodel; path = TestMigrationStore.xcdatamodel; sourceTree = "<group>"; };
		A78A1DBA1477E4FF00B2B0FC /* TestMigrationStore 2.xcdatamodel */ = {isa = PBXFileReference; lastKnownFileType = wrapper.xcdatamodel; path = "TestMigrationStore 2.xcdatamodel"; sourceTree = "<group>"; };
		A78A1DBB1477E66A00B2B0FC /* TestMigrationStore_version_1.sqlite */ = {isa = PBXFileReference; lastKnownFileType = file; path = TestMigrationStore_version_1.sqlite; sourceTree = "<group>"; };
		A78A1DBD1477E74600B2B0FC /* TestMigrationStore_1_2.xcmappingmodel */ = {isa = PBXFileReference; lastKnownFileType = wrapper.xcmappingmodel; path = TestMigrationStore_1_2.xcmappingmodel; sourceTree = "<group>"; };
		A78A1DBF1477E76F00B2B0FC /* TestMigrationStore 3.xcdatamodel */ = {isa = PBXFileReference; lastKnownFileType = wrapper.xcdatamodel; path = "TestMigrationStore 3.xcdatamodel"; sourceTree = "<group>"; };
		A78A1DC01477E7C500B2B0FC /* TestMigrationStore_2_3.xcmappingmodel */ = {isa = PBXFileReference; lastKnownFileType = wrapper.xcmappingmodel; path = TestMigrationStore_2_3.xcmappingmodel; sourceTree = "<group>"; };
		A7BF08D21519E50B00E96F25 /* UIKit.framework */ = {isa = PBXFileReference; lastKnownFileType = wrapper.framework; name = UIKit.framework; path = System/Library/Frameworks/UIKit.framework; sourceTree = SDKROOT; };
/* End PBXFileReference section */

/* Begin PBXFrameworksBuildPhase section */
		A76997AF1477A5430088185E /* Frameworks */ = {
			isa = PBXFrameworksBuildPhase;
			buildActionMask = 2147483647;
			files = (
				A7BF08D31519E50B00E96F25 /* UIKit.framework in Frameworks */,
				A76997DD1477A63E0088185E /* CoreData.framework in Frameworks */,
				A76997B61477A5430088185E /* Foundation.framework in Frameworks */,
			);
			runOnlyForDeploymentPostprocessing = 0;
		};
		A76997BE1477A5430088185E /* Frameworks */ = {
			isa = PBXFrameworksBuildPhase;
			buildActionMask = 2147483647;
			files = (
				A7BF08D51519E51D00E96F25 /* UIKit.framework in Frameworks */,
				A76997DE1477A66C0088185E /* CoreData.framework in Frameworks */,
				A76997C41477A5430088185E /* SenTestingKit.framework in Frameworks */,
				A76997C71477A5430088185E /* Foundation.framework in Frameworks */,
				A76997CA1477A5430088185E /* libCTDataStoreManager.a in Frameworks */,
			);
			runOnlyForDeploymentPostprocessing = 0;
		};
/* End PBXFrameworksBuildPhase section */

/* Begin PBXGroup section */
		A71C7F8F15F61A6F005DF6C9 /* Framework Additions */ = {
			isa = PBXGroup;
			children = (
				A71C7F9015F61A6F005DF6C9 /* Foundation */,
			);
			path = "Framework Additions";
			sourceTree = "<group>";
		};
		A71C7F9015F61A6F005DF6C9 /* Foundation */ = {
			isa = PBXGroup;
			children = (
				A760212D166CBC5F00E5D0EF /* NSManagedObjectContext */,
				A71C7F9115F61A6F005DF6C9 /* NSMutableArray */,
			);
			path = Foundation;
			sourceTree = "<group>";
		};
		A71C7F9115F61A6F005DF6C9 /* NSMutableArray */ = {
			isa = PBXGroup;
			children = (
				A71C7F9215F61A6F005DF6C9 /* NSMutableArray+CTDataStoreManager.h */,
				A71C7F9315F61A6F005DF6C9 /* NSMutableArray+CTDataStoreManager.m */,
			);
			path = NSMutableArray;
			sourceTree = "<group>";
		};
		A760212D166CBC5F00E5D0EF /* NSManagedObjectContext */ = {
			isa = PBXGroup;
			children = (
				A760212F166CBC7200E5D0EF /* NSManagedObjectContext+CTDataStoreManager.h */,
				A7602130166CBC7200E5D0EF /* NSManagedObjectContext+CTDataStoreManager.m */,
			);
			path = NSManagedObjectContext;
			sourceTree = "<group>";
		};
		A76997A71477A5430088185E = {
			isa = PBXGroup;
			children = (
				A76997B71477A5430088185E /* CTDataStoreManager */,
				A76997CB1477A5430088185E /* CTDataStoreManagerTests */,
				A76997B41477A5430088185E /* Frameworks */,
				A76997B31477A5430088185E /* Products */,
			);
			sourceTree = "<group>";
		};
		A76997B31477A5430088185E /* Products */ = {
			isa = PBXGroup;
			children = (
				A76997B21477A5430088185E /* libCTDataStoreManager.a */,
				A76997C21477A5430088185E /* CTDataStoreManagerTests.octest */,
			);
			name = Products;
			sourceTree = "<group>";
		};
		A76997B41477A5430088185E /* Frameworks */ = {
			isa = PBXGroup;
			children = (
				A7BF08D21519E50B00E96F25 /* UIKit.framework */,
				A76997DC1477A63E0088185E /* CoreData.framework */,
				A76997B51477A5430088185E /* Foundation.framework */,
				A76997C31477A5430088185E /* SenTestingKit.framework */,
			);
			name = Frameworks;
			sourceTree = "<group>";
		};
		A76997B71477A5430088185E /* CTDataStoreManager */ = {
			isa = PBXGroup;
			children = (
				A71C7F8F15F61A6F005DF6C9 /* Framework Additions */,
				A76997B81477A5430088185E /* Supporting Files */,
				A76997DF1477A6CD0088185E /* CTDataStoreManager.h */,
				A76997E01477A6CD0088185E /* CTDataStoreManager.m */,
			);
			path = CTDataStoreManager;
			sourceTree = "<group>";
		};
		A76997B81477A5430088185E /* Supporting Files */ = {
			isa = PBXGroup;
			children = (
				A76997B91477A5430088185E /* CTDataStoreManager-Prefix.pch */,
			);
			name = "Supporting Files";
			sourceTree = "<group>";
		};
		A76997CB1477A5430088185E /* CTDataStoreManagerTests */ = {
			isa = PBXGroup;
			children = (
				A78A1D921477B75100B2B0FC /* CoreDataTests */,
				A76997E91477AC8F0088185E /* SingletonTests */,
				A76997CC1477A5430088185E /* Supporting Files */,
			);
			path = CTDataStoreManagerTests;
			sourceTree = "<group>";
		};
		A76997CC1477A5430088185E /* Supporting Files */ = {
			isa = PBXGroup;
			children = (
				A76997CD1477A5430088185E /* CTDataStoreManagerTests-Info.plist */,
				A76997CE1477A5430088185E /* InfoPlist.strings */,
			);
			name = "Supporting Files";
			sourceTree = "<group>";
		};
		A76997E91477AC8F0088185E /* SingletonTests */ = {
			isa = PBXGroup;
			children = (
				A76997EA1477AC8F0088185E /* CTDataStoreManagerSingletonTests.h */,
				A76997EB1477AC8F0088185E /* CTDataStoreManagerSingletonTests.m */,
				A76997EC1477AC8F0088185E /* CTSingletonTestStore1.h */,
				A76997ED1477AC8F0088185E /* CTSingletonTestStore1.m */,
				A76997EE1477AC8F0088185E /* CTSingletonTestStore2.h */,
				A76997EF1477AC8F0088185E /* CTSingletonTestStore2.m */,
			);
			path = SingletonTests;
			sourceTree = "<group>";
		};
		A78A1D921477B75100B2B0FC /* CoreDataTests */ = {
			isa = PBXGroup;
			children = (
				A78A1DAF1477E47200B2B0FC /* MigrationTest */,
				A78A1DA11477E1F400B2B0FC /* BasicStoreTests */,
			);
			path = CoreDataTests;
			sourceTree = "<group>";
		};
		A78A1DA11477E1F400B2B0FC /* BasicStoreTests */ = {
			isa = PBXGroup;
			children = (
				A78A1DA21477E1F400B2B0FC /* CTBasicDataStoreManagerTests.h */,
				A78A1DA31477E1F400B2B0FC /* CTBasicDataStoreManagerTests.m */,
				A78A1DA41477E1F400B2B0FC /* CTEmptyDataStoreTestManager.h */,
				A78A1DA51477E1F400B2B0FC /* CTEmptyDataStoreTestManager.m */,
				A78A1DA61477E1F400B2B0FC /* CTSimpleStoreManager.h */,
				A78A1DA71477E1F400B2B0FC /* CTSimpleStoreManager.m */,
				A78A1DA81477E1F400B2B0FC /* SimpleStore.xcdatamodeld */,
			);
			path = BasicStoreTests;
			sourceTree = "<group>";
		};
		A78A1DAF1477E47200B2B0FC /* MigrationTest */ = {
			isa = PBXGroup;
			children = (
				A78A1DB01477E48900B2B0FC /* CTMigrationTests.h */,
				A78A1DB11477E48900B2B0FC /* CTMigrationTests.m */,
				A78A1DB31477E4A900B2B0FC /* CTTestMigrationStoreManager.h */,
				A78A1DB41477E4A900B2B0FC /* CTTestMigrationStoreManager.m */,
				A78A1DBB1477E66A00B2B0FC /* TestMigrationStore_version_1.sqlite */,
				A78A1DB61477E4DE00B2B0FC /* TestMigrationStore.xcdatamodeld */,
				A78A1DBD1477E74600B2B0FC /* TestMigrationStore_1_2.xcmappingmodel */,
				A78A1DC01477E7C500B2B0FC /* TestMigrationStore_2_3.xcmappingmodel */,
			);
			path = MigrationTest;
			sourceTree = "<group>";
		};
/* End PBXGroup section */

/* Begin PBXHeadersBuildPhase section */
		A76997B01477A5430088185E /* Headers */ = {
			isa = PBXHeadersBuildPhase;
			buildActionMask = 2147483647;
			files = (
				A76997E11477A6CD0088185E /* CTDataStoreManager.h in Headers */,
				A71C7F9415F61A6F005DF6C9 /* NSMutableArray+CTDataStoreManager.h in Headers */,
				A7602131166CBC7200E5D0EF /* NSManagedObjectContext+CTDataStoreManager.h in Headers */,
			);
			runOnlyForDeploymentPostprocessing = 0;
		};
/* End PBXHeadersBuildPhase section */

/* Begin PBXNativeTarget section */
		A76997B11477A5430088185E /* CTDataStoreManager */ = {
			isa = PBXNativeTarget;
			buildConfigurationList = A76997D61477A5430088185E /* Build configuration list for PBXNativeTarget "CTDataStoreManager" */;
			buildPhases = (
				A76997AE1477A5430088185E /* Sources */,
				A76997AF1477A5430088185E /* Frameworks */,
				A76997B01477A5430088185E /* Headers */,
			);
			buildRules = (
			);
			dependencies = (
			);
			name = CTDataStoreManager;
			productName = CTDataStoreManager;
			productReference = A76997B21477A5430088185E /* libCTDataStoreManager.a */;
			productType = "com.apple.product-type.library.static";
		};
		A76997C11477A5430088185E /* CTDataStoreManagerTests */ = {
			isa = PBXNativeTarget;
			buildConfigurationList = A76997D91477A5430088185E /* Build configuration list for PBXNativeTarget "CTDataStoreManagerTests" */;
			buildPhases = (
				A76997BD1477A5430088185E /* Sources */,
				A76997BE1477A5430088185E /* Frameworks */,
				A76997BF1477A5430088185E /* Resources */,
				A76997C01477A5430088185E /* ShellScript */,
			);
			buildRules = (
			);
			dependencies = (
				A76997C91477A5430088185E /* PBXTargetDependency */,
			);
			name = CTDataStoreManagerTests;
			productName = CTDataStoreManagerTests;
			productReference = A76997C21477A5430088185E /* CTDataStoreManagerTests.octest */;
			productType = "com.apple.product-type.bundle";
		};
/* End PBXNativeTarget section */

/* Begin PBXProject section */
		A76997A91477A5430088185E /* Project object */ = {
			isa = PBXProject;
			attributes = {
				LastUpgradeCheck = 0460;
				ORGANIZATIONNAME = Home;
			};
			buildConfigurationList = A76997AC1477A5430088185E /* Build configuration list for PBXProject "CTDataStoreManager" */;
			compatibilityVersion = "Xcode 3.2";
			developmentRegion = English;
			hasScannedForEncodings = 0;
			knownRegions = (
				en,
			);
			mainGroup = A76997A71477A5430088185E;
			productRefGroup = A76997B31477A5430088185E /* Products */;
			projectDirPath = "";
			projectRoot = "";
			targets = (
				A76997B11477A5430088185E /* CTDataStoreManager */,
				A76997C11477A5430088185E /* CTDataStoreManagerTests */,
			);
		};
/* End PBXProject section */

/* Begin PBXResourcesBuildPhase section */
		A76997BF1477A5430088185E /* Resources */ = {
			isa = PBXResourcesBuildPhase;
			buildActionMask = 2147483647;
			files = (
				A78A1DB91477E4F700B2B0FC /* TestMigrationStore.xcdatamodeld in Resources */,
				A78A1DAE1477E20500B2B0FC /* SimpleStore.xcdatamodeld in Resources */,
				A76997D01477A5430088185E /* InfoPlist.strings in Resources */,
				A78A1DBC1477E66B00B2B0FC /* TestMigrationStore_version_1.sqlite in Resources */,
			);
			runOnlyForDeploymentPostprocessing = 0;
		};
/* End PBXResourcesBuildPhase section */

/* Begin PBXShellScriptBuildPhase section */
		A76997C01477A5430088185E /* ShellScript */ = {
			isa = PBXShellScriptBuildPhase;
			buildActionMask = 2147483647;
			files = (
			);
			inputPaths = (
			);
			outputPaths = (
			);
			runOnlyForDeploymentPostprocessing = 0;
			shellPath = /bin/sh;
			shellScript = "# Run the unit tests in this test bundle.\n\"${SYSTEM_DEVELOPER_DIR}/Tools/RunUnitTests\"\n";
		};
/* End PBXShellScriptBuildPhase section */

/* Begin PBXSourcesBuildPhase section */
		A76997AE1477A5430088185E /* Sources */ = {
			isa = PBXSourcesBuildPhase;
			buildActionMask = 2147483647;
			files = (
				A76997E21477A6CD0088185E /* CTDataStoreManager.m in Sources */,
				A71C7F9515F61A6F005DF6C9 /* NSMutableArray+CTDataStoreManager.m in Sources */,
				A7602132166CBC7200E5D0EF /* NSManagedObjectContext+CTDataStoreManager.m in Sources */,
			);
			runOnlyForDeploymentPostprocessing = 0;
		};
		A76997BD1477A5430088185E /* Sources */ = {
			isa = PBXSourcesBuildPhase;
			buildActionMask = 2147483647;
			files = (
				A76997F01477AC8F0088185E /* CTDataStoreManagerSingletonTests.m in Sources */,
				A76997F11477AC8F0088185E /* CTSingletonTestStore1.m in Sources */,
				A76997F21477AC8F0088185E /* CTSingletonTestStore2.m in Sources */,
				A78A1DAA1477E1F400B2B0FC /* CTBasicDataStoreManagerTests.m in Sources */,
				A78A1DAB1477E1F400B2B0FC /* CTEmptyDataStoreTestManager.m in Sources */,
				A78A1DAC1477E1F400B2B0FC /* CTSimpleStoreManager.m in Sources */,
				A78A1DAD1477E1F400B2B0FC /* SimpleStore.xcdatamodeld in Sources */,
				A78A1DB21477E48900B2B0FC /* CTMigrationTests.m in Sources */,
				A78A1DB51477E4A900B2B0FC /* CTTestMigrationStoreManager.m in Sources */,
				A78A1DB81477E4DE00B2B0FC /* TestMigrationStore.xcdatamodeld in Sources */,
				A78A1DBE1477E74600B2B0FC /* TestMigrationStore_1_2.xcmappingmodel in Sources */,
				A78A1DC11477E7C500B2B0FC /* TestMigrationStore_2_3.xcmappingmodel in Sources */,
			);
			runOnlyForDeploymentPostprocessing = 0;
		};
/* End PBXSourcesBuildPhase section */

/* Begin PBXTargetDependency section */
		A76997C91477A5430088185E /* PBXTargetDependency */ = {
			isa = PBXTargetDependency;
			target = A76997B11477A5430088185E /* CTDataStoreManager */;
			targetProxy = A76997C81477A5430088185E /* PBXContainerItemProxy */;
		};
/* End PBXTargetDependency section */

/* Begin PBXVariantGroup section */
		A76997CE1477A5430088185E /* InfoPlist.strings */ = {
			isa = PBXVariantGroup;
			children = (
				A76997CF1477A5430088185E /* en */,
			);
			name = InfoPlist.strings;
			sourceTree = "<group>";
		};
/* End PBXVariantGroup section */

/* Begin XCBuildConfiguration section */
		A76997D41477A5430088185E /* Debug */ = {
			isa = XCBuildConfiguration;
			buildSettings = {
				ALWAYS_SEARCH_USER_PATHS = NO;
				ARCHS = "$(ARCHS_STANDARD_32_BIT)";
				CLANG_ENABLE_OBJC_ARC = YES;
				CLANG_WARN_CONSTANT_CONVERSION = YES;
				CLANG_WARN_ENUM_CONVERSION = YES;
				CLANG_WARN_INT_CONVERSION = YES;
				CLANG_WARN__DUPLICATE_METHOD_MATCH = YES;
				COPY_PHASE_STRIP = NO;
				GCC_C_LANGUAGE_STANDARD = gnu99;
				GCC_DYNAMIC_NO_PIC = NO;
				GCC_OPTIMIZATION_LEVEL = 0;
				GCC_PREPROCESSOR_DEFINITIONS = (
					"DEBUG=1",
					"$(inherited)",
				);
				GCC_SYMBOLS_PRIVATE_EXTERN = NO;
				GCC_VERSION = com.apple.compilers.llvm.clang.1_0;
				GCC_WARN_ABOUT_MISSING_PROTOTYPES = YES;
				GCC_WARN_ABOUT_RETURN_TYPE = YES;
				GCC_WARN_UNINITIALIZED_AUTOS = YES;
				GCC_WARN_UNUSED_VARIABLE = YES;
				HEADER_SEARCH_PATHS = "../**";
				IPHONEOS_DEPLOYMENT_TARGET = 5.0;
				OTHER_LDFLAGS = (
					"-all_load",
					"-Objc",
				);
				SDKROOT = iphoneos;
				TEST_AFTER_BUILD = YES;
			};
			name = Debug;
		};
		A76997D51477A5430088185E /* Release */ = {
			isa = XCBuildConfiguration;
			buildSettings = {
				ALWAYS_SEARCH_USER_PATHS = NO;
				ARCHS = "$(ARCHS_STANDARD_32_BIT)";
				CLANG_ENABLE_OBJC_ARC = YES;
				CLANG_WARN_CONSTANT_CONVERSION = YES;
				CLANG_WARN_ENUM_CONVERSION = YES;
				CLANG_WARN_INT_CONVERSION = YES;
				CLANG_WARN__DUPLICATE_METHOD_MATCH = YES;
				COPY_PHASE_STRIP = YES;
				GCC_C_LANGUAGE_STANDARD = gnu99;
				GCC_VERSION = com.apple.compilers.llvm.clang.1_0;
				GCC_WARN_ABOUT_MISSING_PROTOTYPES = YES;
				GCC_WARN_ABOUT_RETURN_TYPE = YES;
				GCC_WARN_UNINITIALIZED_AUTOS = YES;
				GCC_WARN_UNUSED_VARIABLE = YES;
				HEADER_SEARCH_PATHS = "../**";
				IPHONEOS_DEPLOYMENT_TARGET = 5.0;
				OTHER_LDFLAGS = (
					"-all_load",
					"-Objc",
				);
				SDKROOT = iphoneos;
				TEST_AFTER_BUILD = YES;
				VALIDATE_PRODUCT = YES;
			};
			name = Release;
		};
		A76997D71477A5430088185E /* Debug */ = {
			isa = XCBuildConfiguration;
			buildSettings = {
				DSTROOT = /tmp/CTDataStoreManager.dst;
				GCC_PRECOMPILE_PREFIX_HEADER = YES;
				GCC_PREFIX_HEADER = "CTDataStoreManager/CTDataStoreManager-Prefix.pch";
				GCC_THUMB_SUPPORT = NO;
				OTHER_LDFLAGS = "-ObjC";
				PRODUCT_NAME = "$(TARGET_NAME)";
				SKIP_INSTALL = YES;
			};
			name = Debug;
		};
		A76997D81477A5430088185E /* Release */ = {
			isa = XCBuildConfiguration;
			buildSettings = {
				DSTROOT = /tmp/CTDataStoreManager.dst;
				GCC_PRECOMPILE_PREFIX_HEADER = YES;
				GCC_PREFIX_HEADER = "CTDataStoreManager/CTDataStoreManager-Prefix.pch";
				GCC_THUMB_SUPPORT = NO;
				OTHER_LDFLAGS = "-ObjC";
				PRODUCT_NAME = "$(TARGET_NAME)";
				SKIP_INSTALL = YES;
			};
			name = Release;
		};
		A76997DA1477A5430088185E /* Debug */ = {
			isa = XCBuildConfiguration;
			buildSettings = {
				FRAMEWORK_SEARCH_PATHS = (
					"$(SDKROOT)/Developer/Library/Frameworks",
					"$(DEVELOPER_LIBRARY_DIR)/Frameworks",
				);
				GCC_PRECOMPILE_PREFIX_HEADER = YES;
				GCC_PREFIX_HEADER = "CTDataStoreManager/CTDataStoreManager-Prefix.pch";
				INFOPLIST_FILE = "CTDataStoreManagerTests/CTDataStoreManagerTests-Info.plist";
				PRODUCT_NAME = "$(TARGET_NAME)";
				WRAPPER_EXTENSION = octest;
			};
			name = Debug;
		};
		A76997DB1477A5430088185E /* Release */ = {
			isa = XCBuildConfiguration;
			buildSettings = {
				FRAMEWORK_SEARCH_PATHS = (
					"$(SDKROOT)/Developer/Library/Frameworks",
					"$(DEVELOPER_LIBRARY_DIR)/Frameworks",
				);
				GCC_PRECOMPILE_PREFIX_HEADER = YES;
				GCC_PREFIX_HEADER = "CTDataStoreManager/CTDataStoreManager-Prefix.pch";
				INFOPLIST_FILE = "CTDataStoreManagerTests/CTDataStoreManagerTests-Info.plist";
				PRODUCT_NAME = "$(TARGET_NAME)";
				WRAPPER_EXTENSION = octest;
			};
			name = Release;
		};
/* End XCBuildConfiguration section */

/* Begin XCConfigurationList section */
		A76997AC1477A5430088185E /* Build configuration list for PBXProject "CTDataStoreManager" */ = {
			isa = XCConfigurationList;
			buildConfigurations = (
				A76997D41477A5430088185E /* Debug */,
				A76997D51477A5430088185E /* Release */,
			);
			defaultConfigurationIsVisible = 0;
			defaultConfigurationName = Release;
		};
		A76997D61477A5430088185E /* Build configuration list for PBXNativeTarget "CTDataStoreManager" */ = {
			isa = XCConfigurationList;
			buildConfigurations = (
				A76997D71477A5430088185E /* Debug */,
				A76997D81477A5430088185E /* Release */,
			);
			defaultConfigurationIsVisible = 0;
			defaultConfigurationName = Release;
		};
		A76997D91477A5430088185E /* Build configuration list for PBXNativeTarget "CTDataStoreManagerTests" */ = {
			isa = XCConfigurationList;
			buildConfigurations = (
				A76997DA1477A5430088185E /* Debug */,
				A76997DB1477A5430088185E /* Release */,
			);
			defaultConfigurationIsVisible = 0;
			defaultConfigurationName = Release;
		};
/* End XCConfigurationList section */

/* Begin XCVersionGroup section */
		A78A1DA81477E1F400B2B0FC /* SimpleStore.xcdatamodeld */ = {
			isa = XCVersionGroup;
			children = (
				A78A1DA91477E1F400B2B0FC /* SimpleStore.xcdatamodel */,
			);
			currentVersion = A78A1DA91477E1F400B2B0FC /* SimpleStore.xcdatamodel */;
			path = SimpleStore.xcdatamodeld;
			sourceTree = "<group>";
			versionGroupType = wrapper.xcdatamodel;
		};
		A78A1DB61477E4DE00B2B0FC /* TestMigrationStore.xcdatamodeld */ = {
			isa = XCVersionGroup;
			children = (
				A78A1DBF1477E76F00B2B0FC /* TestMigrationStore 3.xcdatamodel */,
				A78A1DBA1477E4FF00B2B0FC /* TestMigrationStore 2.xcdatamodel */,
				A78A1DB71477E4DE00B2B0FC /* TestMigrationStore.xcdatamodel */,
			);
			currentVersion = A78A1DBF1477E76F00B2B0FC /* TestMigrationStore 3.xcdatamodel */;
			path = TestMigrationStore.xcdatamodeld;
			sourceTree = "<group>";
			versionGroupType = wrapper.xcdatamodel;
		};
/* End XCVersionGroup section */
	};
	rootObject = A76997A91477A5430088185E /* Project object */;
}
